
Microsoft Visual Studio Solution File, Format Version 12.00
# Visual Studio Version 17
VisualStudioVersion = 17.14.36511.14 d17.14
MinimumVisualStudioVersion = 10.0.40219.1
Project("{8BC9CEB8-8B4A-11D0-8D11-00A0C91BC942}") = "Lab_06_04_02", "Lab_06_04_02\Lab_06_04_02.vcxproj", "{3C114169-3822-4004-A7D2-90163F3C7547}"
EndProject
Project("{8BC9CEB8-8B4A-11D0-8D11-00A0C91BC942}") = "UnitTest1", "UnitTest1\UnitTest1.vcxproj", "{5768658D-5753-57BE-9F55-89088097DC31}"
EndProject
Global
	GlobalSection(SolutionConfigurationPlatforms) = preSolution
		Debug|x64 = Debug|x64
		Debug|x86 = Debug|x86
		Release|x64 = Release|x64
		Release|x86 = Release|x86
	EndGlobalSection
	GlobalSection(ProjectConfigurationPlatforms) = postSolution
		{3C114169-3822-4004-A7D2-90163F3C7547}.Debug|x64.ActiveCfg = Debug|x64
		{3C114169-3822-4004-A7D2-90163F3C7547}.Debug|x64.Build.0 = Debug|x64
		{3C114169-3822-4004-A7D2-90163F3C7547}.Debug|x86.ActiveCfg = Debug|Win32
		{3C114169-3822-4004-A7D2-90163F3C7547}.Debug|x86.Build.0 = Debug|Win32
		{3C114169-3822-4004-A7D2-90163F3C7547}.Release|x64.ActiveCfg = Release|x64
		{3C114169-3822-4004-A7D2-90163F3C7547}.Release|x64.Build.0 = Release|x64
		{3C114169-3822-4004-A7D2-90163F3C7547}.Release|x86.ActiveCfg = Release|Win32
		{3C114169-3822-4004-A7D2-90163F3C7547}.Release|x86.Build.0 = Release|Win32
		{5768658D-5753-57BE-9F55-89088097DC31}.Debug|x64.ActiveCfg = Debug|x64
		{5768658D-5753-57BE-9F55-89088097DC31}.Debug|x64.Build.0 = Debug|x64
		{5768658D-5753-57BE-9F55-89088097DC31}.Debug|x86.ActiveCfg = Debug|Win32
		{5768658D-5753-57BE-9F55-89088097DC31}.Debug|x86.Build.0 = Debug|Win32
		{5768658D-5753-57BE-9F55-89088097DC31}.Release|x64.ActiveCfg = Release|x64
		{5768658D-5753-57BE-9F55-89088097DC31}.Release|x64.Build.0 = Release|x64
		{5768658D-5753-57BE-9F55-89088097DC31}.Release|x86.ActiveCfg = Release|Win32
		{5768658D-5753-57BE-9F55-89088097DC31}.Release|x86.Build.0 = Release|Win32
	EndGlobalSection
	GlobalSection(SolutionProperties) = preSolution
		HideSolutionNode = FALSE
	EndGlobalSection
	GlobalSection(ExtensibilityGlobals) = postSolution
		SolutionGuid = {46B93572-9EBF-423B-96DE-9B16039C110A}
	EndGlobalSection
EndGlobal
